<?xml version="1.0" encoding="utf-8"?>
<Project ToolsVersion="4.0" xmlns="http://schemas.microsoft.com/developer/msbuild/2003">
  <ItemGroup>
    <Filter Include="Source Files">
      <UniqueIdentifier>{4FC737F1-C7A5-4376-A066-2A32D752A2FF}</UniqueIdentifier>
      <Extensions>cpp;c;cc;cxx;def;odl;idl;hpj;bat;asm;asmx</Extensions>
    </Filter>
    <Filter Include="Header Files">
      <UniqueIdentifier>{93995380-89BD-4b04-88EB-625FBE52EBFB}</UniqueIdentifier>
      <Extensions>h;hh;hpp;hxx;hm;inl;inc;xsd</Extensions>
    </Filter>
    <Filter Include="Resource Files">
      <UniqueIdentifier>{67DA6AB6-F800-4c08-8B7A-83BB121AAD01}</UniqueIdentifier>
      <Extensions>rc;ico;cur;bmp;dlg;rc2;rct;bin;rgs;gif;jpg;jpeg;jpe;resx;tiff;tif;png;wav</Extensions>
    </Filter>
  </ItemGroup>
  <ItemGroup>
    <ClCompile Include="mathlab\MathLib.cpp">
      <Filter>Source Files</Filter>
    </ClCompile>
    <ClCompile Include="mathlab\Vector2.cpp">
      <Filter>Source Files</Filter>
    </ClCompile>
    <ClCompile Include="mathlab\ViewStruct.cpp">
      <Filter>Source Files</Filter>
    </ClCompile>
    <ClCompile Include="Windows\main.cpp">
      <Filter>Source Files</Filter>
    </ClCompile>
    <ClCompile Include="Windows\MainWindow.cpp">
      <Filter>Source Files</Filter>
    </ClCompile>
    <ClCompile Include="Windows\DebugTool\DebugConsole.cpp">
      <Filter>Source Files</Filter>
    </ClCompile>
    <ClCompile Include="CrossPlatform\FrameBuffer.cpp">
      <Filter>Source Files</Filter>
    </ClCompile>
    <ClCompile Include="Windows\WindowDrawer\WindowDrawer.cpp">
      <Filter>Source Files</Filter>
    </ClCompile>
    <ClCompile Include="Windows\Timer\StoryTimer.cpp">
      <Filter>Source Files</Filter>
    </ClCompile>
  </ItemGroup>
  <ItemGroup>
    <ClInclude Include="library\lua\lua.h">
      <Filter>Header Files</Filter>
    </ClInclude>
    <ClInclude Include="macos\AppDelegate.h">
      <Filter>Header Files</Filter>
    </ClInclude>
    <ClInclude Include="macos\MacDrawer.h">
      <Filter>Header Files</Filter>
    </ClInclude>
    <ClInclude Include="macos\UICanvas.h">
      <Filter>Header Files</Filter>
    </ClInclude>
    <ClInclude Include="macos\ViewController.h">
      <Filter>Header Files</Filter>
    </ClInclude>
    <ClInclude Include="mathlab\MathLib.h">
      <Filter>Header Files</Filter>
    </ClInclude>
    <ClInclude Include="mathlab\Vector2.h">
      <Filter>Header Files</Filter>
    </ClInclude>
    <ClInclude Include="mathlab\ViewStruct.h">
      <Filter>Header Files</Filter>
    </ClInclude>
    <ClInclude Include="Windows\BaseWindow.h">
      <Filter>Header Files</Filter>
    </ClInclude>
    <ClInclude Include="Windows\MainWindow.h">
      <Filter>Header Files</Filter>
    </ClInclude>
    <ClInclude Include="Algorithms\Dictionary.h">
      <Filter>Header Files</Filter>
    </ClInclude>
    <ClInclude Include="Algorithms\Stack.h">
      <Filter>Header Files</Filter>
    </ClInclude>
    <ClInclude Include="Algorithms\Vector.h">
      <Filter>Header Files</Filter>
    </ClInclude>
    <ClInclude Include="Algorithms\Iterator.h">
      <Filter>Header Files</Filter>
    </ClInclude>
    <ClInclude Include="Algorithms\Sort.h">
      <Filter>Header Files</Filter>
    </ClInclude>
    <ClInclude Include="Windows\DebugTool\DebugConsole.h">
      <Filter>Header Files</Filter>
    </ClInclude>
    <ClInclude Include="Windows\Resources\resource.h">
      <Filter>Header Files</Filter>
    </ClInclude>
    <ClInclude Include="CrossPlatform\Interface\IDrawer.h">
      <Filter>Header Files</Filter>
    </ClInclude>
    <ClInclude Include="CrossPlatform\FrameBuffer.h">
      <Filter>Header Files</Filter>
    </ClInclude>
    <ClInclude Include="Windows\WindowDrawer\WindowDrawer.h">
      <Filter>Header Files</Filter>
    </ClInclude>
    <ClInclude Include="Windows\Timer\StoryTimer.h">
      <Filter>Header Files</Filter>
    </ClInclude>
  </ItemGroup>
  <ItemGroup>
    <None Include="README.md" />
  </ItemGroup>
  <ItemGroup>
    <Image Include="Windows\Resources\ScaffoldLogo.ico">
      <Filter>Resource Files</Filter>
    </Image>
  </ItemGroup>
  <ItemGroup>
    <ResourceCompile Include="Windows\Resources\Resources.rc">
      <Filter>Resource Files</Filter>
    </ResourceCompile>
  </ItemGroup>
</Project>