<?xml version="1.0" encoding="utf-8"?>
<Project ToolsVersion="4.0" xmlns="http://schemas.microsoft.com/developer/msbuild/2003">
  <ItemGroup>
    <Filter Include="Source Files">
      <UniqueIdentifier>{4FC737F1-C7A5-4376-A066-2A32D752A2FF}</UniqueIdentifier>
      <Extensions>cpp;c;cc;cxx;def;odl;idl;hpj;bat;asm;asmx</Extensions>
    </Filter>
    <Filter Include="Header Files">
      <UniqueIdentifier>{93995380-89BD-4b04-88EB-625FBE52EBFB}</UniqueIdentifier>
      <Extensions>h;hh;hpp;hxx;hm;inl;inc;xsd</Extensions>
    </Filter>
    <Filter Include="Resource Files">
      <UniqueIdentifier>{67DA6AB6-F800-4c08-8B7A-83BB121AAD01}</UniqueIdentifier>
      <Extensions>rc;ico;cur;bmp;dlg;rc2;rct;bin;rgs;gif;jpg;jpeg;jpe;resx;tiff;tif;png;wav</Extensions>
    </Filter>
  </ItemGroup>
  <ItemGroup>
    <ClCompile Include="mathlab\MathLib.cpp">
      <Filter>Source Files</Filter>
    </ClCompile>
    <ClCompile Include="mathlab\ViewStruct.cpp">
      <Filter>Source Files</Filter>
    </ClCompile>
    <ClCompile Include="Windows\main.cpp">
      <Filter>Source Files</Filter>
    </ClCompile>
    <ClCompile Include="Windows\MainWindow.cpp">
      <Filter>Source Files</Filter>
    </ClCompile>
    <ClCompile Include="Windows\DebugTool\DebugConsole.cpp">
      <Filter>Source Files</Filter>
    </ClCompile>
    <ClCompile Include="Windows\Timer\StoryTimer.cpp">
      <Filter>Source Files</Filter>
    </ClCompile>
    <ClCompile Include="MathLab\Matrix3.cpp">
      <Filter>Source Files</Filter>
    </ClCompile>
    <ClCompile Include="Windows\WindowDrawer\DirectXDrawDrawer.cpp">
      <Filter>Source Files</Filter>
    </ClCompile>
    <ClCompile Include="Windows\WindowDrawer\WindowDGIDrawer.cpp">
      <Filter>Source Files</Filter>
    </ClCompile>
    <ClCompile Include="Windows\Surface\DirectXDrawSurface.cpp">
      <Filter>Source Files</Filter>
    </ClCompile>
    <ClCompile Include="CrossPlatform\SColorRGBA.cpp">
      <Filter>Source Files</Filter>
    </ClCompile>
    <ClCompile Include="Windows\Surface\DrawerSurface.cpp">
      <Filter>Source Files</Filter>
    </ClCompile>
    <ClCompile Include="CrossPlatform\SColorRGB.cpp">
      <Filter>Source Files</Filter>
    </ClCompile>
    <ClCompile Include="MathLab\Vector3f.cpp">
      <Filter>Source Files</Filter>
    </ClCompile>
    <ClCompile Include="MathLab\Vector2i.cpp">
      <Filter>Source Files</Filter>
    </ClCompile>
    <ClCompile Include="Windows\File\FileReader.cpp">
      <Filter>Source Files</Filter>
    </ClCompile>
    <ClCompile Include="Engine\GameplayMain.cpp">
      <Filter>Source Files</Filter>
    </ClCompile>
    <ClCompile Include="Engine\VirtualMachine\XenonVirtualMachine.cpp">
      <Filter>Source Files</Filter>
    </ClCompile>
    <ClCompile Include="Engine\Primitive\Primitive2D.cpp">
      <Filter>Source Files</Filter>
    </ClCompile>
    <ClCompile Include="Engine\FileManager\FileManager.cpp">
      <Filter>Source Files</Filter>
    </ClCompile>
    <ClCompile Include="CrossPlatform\Polygon2D.cpp">
      <Filter>Source Files</Filter>
    </ClCompile>
    <ClCompile Include="Windows\Input\DirectXInput.cpp">
      <Filter>Source Files</Filter>
    </ClCompile>
    <ClCompile Include="Windows\Sound\DirectXSound.cpp">
      <Filter>Source Files</Filter>
    </ClCompile>
    <ClCompile Include="Engine\GameObject.cpp">
      <Filter>Source Files</Filter>
    </ClCompile>
    <ClCompile Include="Engine\Component\Transform2D.cpp">
      <Filter>Source Files</Filter>
    </ClCompile>
    <ClCompile Include="Engine\Component\Rigidbody2D.cpp">
      <Filter>Source Files</Filter>
    </ClCompile>
    <ClCompile Include="Engine\Physics\Physics2D.cpp">
      <Filter>Source Files</Filter>
    </ClCompile>
    <ClCompile Include="Engine\Component\Collider2D.cpp">
      <Filter>Source Files</Filter>
    </ClCompile>
    <ClCompile Include="Engine\Component\BoxCollider2D.cpp">
      <Filter>Source Files</Filter>
    </ClCompile>
    <ClCompile Include="Engine\Component\CircleCollider2D.cpp">
      <Filter>Source Files</Filter>
    </ClCompile>
  </ItemGroup>
  <ItemGroup>
    <ClInclude Include="library\lua\lua.h">
      <Filter>Header Files</Filter>
    </ClInclude>
    <ClInclude Include="macos\AppDelegate.h">
      <Filter>Header Files</Filter>
    </ClInclude>
    <ClInclude Include="macos\MacDrawer.h">
      <Filter>Header Files</Filter>
    </ClInclude>
    <ClInclude Include="macos\UICanvas.h">
      <Filter>Header Files</Filter>
    </ClInclude>
    <ClInclude Include="macos\ViewController.h">
      <Filter>Header Files</Filter>
    </ClInclude>
    <ClInclude Include="mathlab\MathLib.h">
      <Filter>Header Files</Filter>
    </ClInclude>
    <ClInclude Include="mathlab\ViewStruct.h">
      <Filter>Header Files</Filter>
    </ClInclude>
    <ClInclude Include="Windows\BaseWindow.h">
      <Filter>Header Files</Filter>
    </ClInclude>
    <ClInclude Include="Windows\MainWindow.h">
      <Filter>Header Files</Filter>
    </ClInclude>
    <ClInclude Include="Algorithms\Dictionary.h">
      <Filter>Header Files</Filter>
    </ClInclude>
    <ClInclude Include="Algorithms\Stack.h">
      <Filter>Header Files</Filter>
    </ClInclude>
    <ClInclude Include="Algorithms\Vector.h">
      <Filter>Header Files</Filter>
    </ClInclude>
    <ClInclude Include="Algorithms\Iterator.h">
      <Filter>Header Files</Filter>
    </ClInclude>
    <ClInclude Include="Algorithms\Sort.h">
      <Filter>Header Files</Filter>
    </ClInclude>
    <ClInclude Include="Windows\DebugTool\DebugConsole.h">
      <Filter>Header Files</Filter>
    </ClInclude>
    <ClInclude Include="Windows\Resources\resource.h">
      <Filter>Header Files</Filter>
    </ClInclude>
    <ClInclude Include="CrossPlatform\Interface\IDrawer.h">
      <Filter>Header Files</Filter>
    </ClInclude>
    <ClInclude Include="Windows\Timer\StoryTimer.h">
      <Filter>Header Files</Filter>
    </ClInclude>
    <ClInclude Include="MathLab\Matrix3.h">
      <Filter>Header Files</Filter>
    </ClInclude>
    <ClInclude Include="MathLab\MathLabDefinition.h">
      <Filter>Header Files</Filter>
    </ClInclude>
    <ClInclude Include="Windows\WindowDrawer\DirectXDrawDrawer.h">
      <Filter>Header Files</Filter>
    </ClInclude>
    <ClInclude Include="CrossPlatform\Interface\DrawerType.h">
      <Filter>Header Files</Filter>
    </ClInclude>
    <ClInclude Include="CrossPlatform\Interface\IDrawerConfig.h">
      <Filter>Header Files</Filter>
    </ClInclude>
    <ClInclude Include="Windows\WindowDrawer\WindowDGIDrawer.h">
      <Filter>Header Files</Filter>
    </ClInclude>
    <ClInclude Include="Windows\Surface\DirectXDrawSurface.h">
      <Filter>Header Files</Filter>
    </ClInclude>
    <ClInclude Include="CrossPlatform\SColorRGBA.h">
      <Filter>Header Files</Filter>
    </ClInclude>
    <ClInclude Include="Windows\Surface\DrawerSurface.h">
      <Filter>Header Files</Filter>
    </ClInclude>
    <ClInclude Include="CrossPlatform\Interface\IDrawerSurface.h">
      <Filter>Header Files</Filter>
    </ClInclude>
    <ClInclude Include="CrossPlatform\SColorRGB.h">
      <Filter>Header Files</Filter>
    </ClInclude>
    <ClInclude Include="CrossPlatform\Primitive\Vertex2D.h">
      <Filter>Header Files</Filter>
    </ClInclude>
    <ClInclude Include="MathLab\Vector3f.h">
      <Filter>Header Files</Filter>
    </ClInclude>
    <ClInclude Include="MathLab\Vector2i.h">
      <Filter>Header Files</Filter>
    </ClInclude>
    <ClInclude Include="CrossPlatform\EngineConfig.h">
      <Filter>Header Files</Filter>
    </ClInclude>
    <ClInclude Include="CrossPlatform\Database.h">
      <Filter>Header Files</Filter>
    </ClInclude>
    <ClInclude Include="Windows\File\FileReader.h">
      <Filter>Header Files</Filter>
    </ClInclude>
    <ClInclude Include="CrossPlatform\XenonSingleton.h">
      <Filter>Header Files</Filter>
    </ClInclude>
    <ClInclude Include="Engine\GameplayMain.h">
      <Filter>Header Files</Filter>
    </ClInclude>
    <ClInclude Include="Engine\VirtualMachine\XenonCompiler.h">
      <Filter>Header Files</Filter>
    </ClInclude>
    <ClInclude Include="Engine\VirtualMachine\XenonVirtualMachine.h">
      <Filter>Header Files</Filter>
    </ClInclude>
    <ClInclude Include="Engine\Primitive\Primitive2D.h">
      <Filter>Header Files</Filter>
    </ClInclude>
    <ClInclude Include="CrossPlatform\XenonManager.h">
      <Filter>Header Files</Filter>
    </ClInclude>
    <ClInclude Include="CrossPlatform\Interface\IFileReader.h">
      <Filter>Header Files</Filter>
    </ClInclude>
    <ClInclude Include="Engine\FileManager\FileManager.h">
      <Filter>Header Files</Filter>
    </ClInclude>
    <ClInclude Include="CrossPlatform\Polygon2D.h">
      <Filter>Header Files</Filter>
    </ClInclude>
    <ClInclude Include="MathLab\Vector2f.h">
      <Filter>Header Files</Filter>
    </ClInclude>
    <ClInclude Include="Algorithms\String.h">
      <Filter>Header Files</Filter>
    </ClInclude>
    <ClInclude Include="Windows\Input\DirectXInput.h">
      <Filter>Header Files</Filter>
    </ClInclude>
    <ClInclude Include="Windows\Sound\DirectXSound.h">
      <Filter>Header Files</Filter>
    </ClInclude>
    <ClInclude Include="Engine\GameObject.h">
      <Filter>Header Files</Filter>
    </ClInclude>
    <ClInclude Include="Engine\Component\IComponent.h">
      <Filter>Header Files</Filter>
    </ClInclude>
    <ClInclude Include="Engine\Component\Transform2D.h">
      <Filter>Header Files</Filter>
    </ClInclude>
    <ClInclude Include="Engine\Component\Rigidbody2D.h">
      <Filter>Header Files</Filter>
    </ClInclude>
    <ClInclude Include="Engine\Physics\Physics2D.h">
      <Filter>Header Files</Filter>
    </ClInclude>
    <ClInclude Include="Engine\Physics\Force2D.h">
      <Filter>Header Files</Filter>
    </ClInclude>
    <ClInclude Include="Engine\Component\Collider2D.h">
      <Filter>Header Files</Filter>
    </ClInclude>
    <ClInclude Include="Engine\Component\BoxCollider2D.h">
      <Filter>Header Files</Filter>
    </ClInclude>
    <ClInclude Include="Engine\Component\CircleCollider2D.h">
      <Filter>Header Files</Filter>
    </ClInclude>
    <ClInclude Include="Engine\Physics\PhysicsConstant.h">
      <Filter>Header Files</Filter>
    </ClInclude>
    <ClInclude Include="MathLab\Matrix2.h">
      <Filter>Header Files</Filter>
    </ClInclude>
    <ClInclude Include="MathLab\Vector3.h">
      <Filter>Header Files</Filter>
    </ClInclude>
  </ItemGroup>
  <ItemGroup>
    <None Include="README.md" />
    <None Include="MacWindow.licenseheader" />
  </ItemGroup>
  <ItemGroup>
    <Image Include="Windows\Resources\ScaffoldLogo.ico">
      <Filter>Resource Files</Filter>
    </Image>
  </ItemGroup>
  <ItemGroup>
    <ResourceCompile Include="Windows\Resources\Resources.rc">
      <Filter>Resource Files</Filter>
    </ResourceCompile>
  </ItemGroup>
</Project>